{
  "version": 4,
  "terraform_version": "1.8.0",
  "serial": 27,
  "lineage": "0cdf920f-56b8-cd14-d73e-b7db0458098e",
  "outputs": {},
  "resources": [
    {
      "mode": "managed",
      "type": "aws_ecr_repository",
      "name": "docker-ci-api",
      "provider": "provider[\"registry.terraform.io/hashicorp/aws\"]",
      "instances": [
        {
          "schema_version": 0,
          "attributes": {
            "arn": "arn:aws:ecr:us-east-2:269624241181:repository/docker-ci",
            "encryption_configuration": [
              {
                "encryption_type": "AES256",
                "kms_key": ""
              }
            ],
            "force_delete": null,
            "id": "docker-ci",
            "image_scanning_configuration": [
              {
                "scan_on_push": true
              }
            ],
            "image_tag_mutability": "MUTABLE",
            "name": "docker-ci",
            "registry_id": "269624241181",
            "repository_url": "269624241181.dkr.ecr.us-east-2.amazonaws.com/docker-ci",
            "tags": {
              "IAC": "True"
            },
            "tags_all": {
              "IAC": "True"
            },
            "timeouts": null
          },
          "sensitive_attributes": [],
          "private": "eyJlMmJmYjczMC1lY2FhLTExZTYtOGY4OC0zNDM2M2JjN2M0YzAiOnsiZGVsZXRlIjoxMjAwMDAwMDAwMDAwfX0="
        }
      ]
    },
    {
      "mode": "managed",
      "type": "aws_iam_openid_connect_provider",
      "name": "oidc-git",
      "provider": "provider[\"registry.terraform.io/hashicorp/aws\"]",
      "instances": [
        {
          "schema_version": 0,
          "attributes": {
            "arn": "arn:aws:iam::269624241181:oidc-provider/token.actions.githubusercontent.com",
            "client_id_list": [
              "sts.amazonaws.com"
            ],
            "id": "arn:aws:iam::269624241181:oidc-provider/token.actions.githubusercontent.com",
            "tags": {
              "IAC": "True"
            },
            "tags_all": {
              "IAC": "True"
            },
            "thumbprint_list": [
              "cf23df2207d99a74fbe169e3eba035e633b65d94"
            ],
            "url": "token.actions.githubusercontent.com"
          },
          "sensitive_attributes": [],
          "private": "bnVsbA=="
        }
      ]
    },
    {
      "mode": "managed",
      "type": "aws_iam_role",
      "name": "app-runner-role",
      "provider": "provider[\"registry.terraform.io/hashicorp/aws\"]",
      "instances": [
        {
          "schema_version": 0,
          "attributes": {
            "arn": "arn:aws:iam::269624241181:role/app-runner-role",
            "assume_role_policy": "{\"Statement\":[{\"Action\":\"sts:AssumeRole\",\"Effect\":\"Allow\",\"Principal\":{\"Service\":\"build.apprunner.amazonaws.com\"}}],\"Version\":\"2012-10-17\"}",
            "create_date": "2024-07-01T13:07:10Z",
            "description": "",
            "force_detach_policies": false,
            "id": "app-runner-role",
            "inline_policy": [],
            "managed_policy_arns": [
              "arn:aws:iam::aws:policy/AmazonEC2ContainerRegistryReadOnly"
            ],
            "max_session_duration": 3600,
            "name": "app-runner-role",
            "name_prefix": "",
            "path": "/",
            "permissions_boundary": "",
            "tags": {
              "IAC": "True"
            },
            "tags_all": {
              "IAC": "True"
            },
            "unique_id": "AROAT5RW3NQO4KSBRNGPK"
          },
          "sensitive_attributes": [],
          "private": "bnVsbA=="
        }
      ]
    },
    {
      "mode": "managed",
      "type": "aws_iam_role",
      "name": "ecr-role",
      "provider": "provider[\"registry.terraform.io/hashicorp/aws\"]",
      "instances": [
        {
          "schema_version": 0,
          "attributes": {
            "arn": "arn:aws:iam::269624241181:role/ecr-role",
            "assume_role_policy": "{\"Statement\":[{\"Action\":\"sts:AssumeRoleWithWebIdentity\",\"Condition\":{\"StringEquals\":{\"token.actions.githubusercontent.com:aud\":[\"sts.amazonaws.com\"],\"token.actions.githubusercontent.com:sub\":[\"repo:gcrozariol/docker-api:ref:refs/heads/main\"]}},\"Effect\":\"Allow\",\"Principal\":{\"Federated\":\"arn:aws:iam::269624241181:oidc-provider/token.actions.githubusercontent.com\"}}],\"Version\":\"2012-10-17\"}",
            "create_date": "2024-06-29T12:30:33Z",
            "description": "",
            "force_detach_policies": false,
            "id": "ecr-role",
            "inline_policy": [
              {
                "name": "ecr-app-permission",
                "policy": "{\"Version\":\"2012-10-17\",\"Statement\":[{\"Action\":\"apprunner:*\",\"Effect\":\"Allow\",\"Resource\":\"*\",\"Sid\":\"Statement1\"},{\"Action\":[\"iam:PassRole\",\"iam:CreateServiceLinkedRole\"],\"Effect\":\"Allow\",\"Resource\":\"*\",\"Sid\":\"Statement2\"},{\"Action\":[\"ecr:GetDownloadUrlForLayer\",\"ecr:BatchGetImage\",\"ecr:BatchCheckLayerAvailability\",\"ecr:PutImage\",\"ecr:InitiateLayerUpload\",\"ecr:UploadLayerPart\",\"ecr:CompleteLayerUpload\",\"ecr:GetAuthorizationToken\"],\"Effect\":\"Allow\",\"Resource\":\"*\",\"Sid\":\"Statement3\"}]}"
              }
            ],
            "managed_policy_arns": [],
            "max_session_duration": 3600,
            "name": "ecr-role",
            "name_prefix": "",
            "path": "/",
            "permissions_boundary": "",
            "tags": {
              "IAC": "True"
            },
            "tags_all": {
              "IAC": "True"
            },
            "unique_id": "AROAT5RW3NQOV3JDM5LD4"
          },
          "sensitive_attributes": [],
          "private": "bnVsbA=="
        }
      ]
    },
    {
      "mode": "managed",
      "type": "aws_iam_role",
      "name": "terraform-role",
      "provider": "provider[\"registry.terraform.io/hashicorp/aws\"]",
      "instances": [
        {
          "schema_version": 0,
          "attributes": {
            "arn": "arn:aws:iam::269624241181:role/terraform-role",
            "assume_role_policy": "{\"Statement\":[{\"Action\":\"sts:AssumeRoleWithWebIdentity\",\"Condition\":{\"StringEquals\":{\"token.actions.githubusercontent.com:aud\":[\"sts.amazonaws.com\"],\"token.actions.githubusercontent.com:sub\":[\"repo:gcrozariol/docker-api-iac:ref:refs/heads/main\"]}},\"Effect\":\"Allow\",\"Principal\":{\"Federated\":\"arn:aws:iam::269624241181:oidc-provider/token.actions.githubusercontent.com\"}}],\"Version\":\"2012-10-17\"}",
            "create_date": "2024-07-01T17:51:12Z",
            "description": "",
            "force_detach_policies": false,
            "id": "terraform-role",
            "inline_policy": [],
            "managed_policy_arns": [],
            "max_session_duration": 3600,
            "name": "terraform-role",
            "name_prefix": "",
            "path": "/",
            "permissions_boundary": "",
            "tags": {
              "IAC": "True"
            },
            "tags_all": {
              "IAC": "True"
            },
            "unique_id": "AROAT5RW3NQOR5KTIMF6B"
          },
          "sensitive_attributes": [],
          "private": "bnVsbA=="
        }
      ]
    }
  ],
  "check_results": null
}
